
Microsoft Visual Studio Solution File, Format Version 12.00
# Visual Studio 2012
Project("{FAE04EC0-301F-11D3-BF4B-00C04F79EFBC}") = "Multiples_Of_3_And_5", "Multiples_Of_3_And_5\Multiples_Of_3_And_5.csproj", "{53A8844B-98BD-4ED4-8AF4-777FFD1AA82F}"
EndProject
Global
	GlobalSection(SolutionConfigurationPlatforms) = preSolution
		Debug|Any CPU = Debug|Any CPU
		Release|Any CPU = Release|Any CPU
	EndGlobalSection
	GlobalSection(ProjectConfigurationPlatforms) = postSolution
		{53A8844B-98BD-4ED4-8AF4-777FFD1AA82F}.Debug|Any CPU.ActiveCfg = Debug|Any CPU
		{53A8844B-98BD-4ED4-8AF4-777FFD1AA82F}.Debug|Any CPU.Build.0 = Debug|Any CPU
		{53A8844B-98BD-4ED4-8AF4-777FFD1AA82F}.Release|Any CPU.ActiveCfg = Release|Any CPU
		{53A8844B-98BD-4ED4-8AF4-777FFD1AA82F}.Release|Any CPU.Build.0 = Release|Any CPU
	EndGlobalSection
	GlobalSection(SolutionProperties) = preSolution
		HideSolutionNode = FALSE
	EndGlobalSection
EndGlobal
